
Microsoft Visual Studio Solution File, Format Version 12.00
# Visual Studio 15
VisualStudioVersion = 15.0.26124.0
MinimumVisualStudioVersion = 15.0.26124.0
Project("{2150E333-8FDC-42A3-9474-1A3956D46DE8}") = "src", "src", "{EA834926-09F5-4EE0-9BFA-1155B3052997}"
EndProject
Project("{FAE04EC0-301F-11D3-BF4B-00C04F79EFBC}") = "BikeDataProject.Integrations.OSM", "src\BikeDataProject.Integrations.OSM\BikeDataProject.Integrations.OSM.csproj", "{F0200E36-FD59-46FD-A836-8ECC628960CF}"
EndProject
Project("{FAE04EC0-301F-11D3-BF4B-00C04F79EFBC}") = "BikeDataProject.Integrations.OSM.Db", "src\BikeDataProject.Integrations.OSM.Db\BikeDataProject.Integrations.OSM.Db.csproj", "{658943F3-A8DC-48F4-A052-824AA88160F3}"
EndProject
Global
	GlobalSection(SolutionConfigurationPlatforms) = preSolution
		Debug|Any CPU = Debug|Any CPU
		Debug|x64 = Debug|x64
		Debug|x86 = Debug|x86
		Release|Any CPU = Release|Any CPU
		Release|x64 = Release|x64
		Release|x86 = Release|x86
	EndGlobalSection
	GlobalSection(SolutionProperties) = preSolution
		HideSolutionNode = FALSE
	EndGlobalSection
	GlobalSection(ProjectConfigurationPlatforms) = postSolution
		{F0200E36-FD59-46FD-A836-8ECC628960CF}.Debug|Any CPU.ActiveCfg = Debug|Any CPU
		{F0200E36-FD59-46FD-A836-8ECC628960CF}.Debug|Any CPU.Build.0 = Debug|Any CPU
		{F0200E36-FD59-46FD-A836-8ECC628960CF}.Debug|x64.ActiveCfg = Debug|Any CPU
		{F0200E36-FD59-46FD-A836-8ECC628960CF}.Debug|x64.Build.0 = Debug|Any CPU
		{F0200E36-FD59-46FD-A836-8ECC628960CF}.Debug|x86.ActiveCfg = Debug|Any CPU
		{F0200E36-FD59-46FD-A836-8ECC628960CF}.Debug|x86.Build.0 = Debug|Any CPU
		{F0200E36-FD59-46FD-A836-8ECC628960CF}.Release|Any CPU.ActiveCfg = Release|Any CPU
		{F0200E36-FD59-46FD-A836-8ECC628960CF}.Release|Any CPU.Build.0 = Release|Any CPU
		{F0200E36-FD59-46FD-A836-8ECC628960CF}.Release|x64.ActiveCfg = Release|Any CPU
		{F0200E36-FD59-46FD-A836-8ECC628960CF}.Release|x64.Build.0 = Release|Any CPU
		{F0200E36-FD59-46FD-A836-8ECC628960CF}.Release|x86.ActiveCfg = Release|Any CPU
		{F0200E36-FD59-46FD-A836-8ECC628960CF}.Release|x86.Build.0 = Release|Any CPU
		{658943F3-A8DC-48F4-A052-824AA88160F3}.Debug|Any CPU.ActiveCfg = Debug|Any CPU
		{658943F3-A8DC-48F4-A052-824AA88160F3}.Debug|Any CPU.Build.0 = Debug|Any CPU
		{658943F3-A8DC-48F4-A052-824AA88160F3}.Debug|x64.ActiveCfg = Debug|Any CPU
		{658943F3-A8DC-48F4-A052-824AA88160F3}.Debug|x64.Build.0 = Debug|Any CPU
		{658943F3-A8DC-48F4-A052-824AA88160F3}.Debug|x86.ActiveCfg = Debug|Any CPU
		{658943F3-A8DC-48F4-A052-824AA88160F3}.Debug|x86.Build.0 = Debug|Any CPU
		{658943F3-A8DC-48F4-A052-824AA88160F3}.Release|Any CPU.ActiveCfg = Release|Any CPU
		{658943F3-A8DC-48F4-A052-824AA88160F3}.Release|Any CPU.Build.0 = Release|Any CPU
		{658943F3-A8DC-48F4-A052-824AA88160F3}.Release|x64.ActiveCfg = Release|Any CPU
		{658943F3-A8DC-48F4-A052-824AA88160F3}.Release|x64.Build.0 = Release|Any CPU
		{658943F3-A8DC-48F4-A052-824AA88160F3}.Release|x86.ActiveCfg = Release|Any CPU
		{658943F3-A8DC-48F4-A052-824AA88160F3}.Release|x86.Build.0 = Release|Any CPU
	EndGlobalSection
	GlobalSection(NestedProjects) = preSolution
		{F0200E36-FD59-46FD-A836-8ECC628960CF} = {EA834926-09F5-4EE0-9BFA-1155B3052997}
		{658943F3-A8DC-48F4-A052-824AA88160F3} = {EA834926-09F5-4EE0-9BFA-1155B3052997}
	EndGlobalSection
EndGlobal
